%{
  "content_type": {:hex, :content_type, "0.1.0", "b95627542e4980dd1e7e07ee8faf7b3a966e6a3be53f838296a57800a00e688b", [:mix], [], "hexpm"},
  "decimal": {:hex, :decimal, "1.8.0", "ca462e0d885f09a1c5a342dbd7c1dcf27ea63548c65a65e67334f4b61803822e", [:mix], [], "hexpm"},
  "elixir_uuid": {:hex, :elixir_uuid, "1.2.1", "dce506597acb7e6b0daeaff52ff6a9043f5919a4c3315abb4143f0b00378c097", [:mix], [], "hexpm"},
  "jason": {:hex, :jason, "1.1.2", "b03dedea67a99223a2eaf9f1264ce37154564de899fd3d8b9a21b1a6fd64afe7", [:mix], [{:decimal, "~> 1.0", [hex: :decimal, repo: "hexpm", optional: true]}], "hexpm"},
  "json_ld": {:hex, :json_ld, "0.3.0", "92f508ca831b9e4530e3e6c950976fdafcf26323e6817c325b3e1ee78affc4bd", [:mix], [{:jason, "~> 1.1.1", [hex: :jason, repo: "hexpm", optional: false]}, {:rdf, "~> 0.5", [hex: :rdf, repo: "hexpm", optional: false]}], "hexpm"},
  "mime": {:hex, :mime, "1.3.1", "30ce04ab3175b6ad0bdce0035cba77bba68b813d523d1aac73d9781b4d193cf8", [:mix], [], "hexpm"},
  "nimble_csv": {:hex, :nimble_csv, "0.6.0", "a3673f26d41f986774fe6060e309615343d3cb83a6d435754d8b1fdbd5764879", [:mix], [], "hexpm"},
  "rdf": {:hex, :rdf, "0.7.0", "ed3cc0c4d28c9ca6417f2c884f40eef7fd7022ef33c3a909a696bb4d11c5fea4", [:mix], [{:decimal, "~> 1.5", [hex: :decimal, repo: "hexpm", optional: false]}], "hexpm"},
  "sparql": {:hex, :sparql, "0.3.0", "7dc79c1dc1f7af4879a335e01ae3a7a3189be8eccd26417265c331e9f6e7a064", [:mix], [{:elixir_uuid, "~> 1.2", [hex: :elixir_uuid, repo: "hexpm", optional: false]}, {:jason, "~> 1.0", [hex: :jason, repo: "hexpm", optional: false]}, {:nimble_csv, "~> 0.6", [hex: :nimble_csv, repo: "hexpm", optional: false]}, {:rdf, "~> 0.6", [hex: :rdf, repo: "hexpm", optional: false]}, {:sweet_xml, "~> 0.6", [hex: :sweet_xml, repo: "hexpm", optional: false]}], "hexpm"},
  "sparql_client": {:hex, :sparql_client, "0.2.2", "9fbb7e60840ec088e6a3e20a2e657f1b618384ba4947af900b97710e81626fbf", [:mix], [{:content_type, "~> 0.1", [hex: :content_type, repo: "hexpm", optional: false]}, {:json_ld, "~> 0.3", [hex: :json_ld, repo: "hexpm", optional: false]}, {:rdf, "~> 0.6", [hex: :rdf, repo: "hexpm", optional: false]}, {:sparql, "~> 0.3", [hex: :sparql, repo: "hexpm", optional: false]}, {:tesla, "~> 1.2", [hex: :tesla, repo: "hexpm", optional: false]}], "hexpm"},
  "sweet_xml": {:hex, :sweet_xml, "0.6.6", "fc3e91ec5dd7c787b6195757fbcf0abc670cee1e4172687b45183032221b66b8", [:mix], [], "hexpm"},
  "tesla": {:hex, :tesla, "1.3.0", "f35d72f029e608f9cdc6f6d6fcc7c66cf6d6512a70cfef9206b21b8bd0203a30", [:mix], [{:castore, "~> 0.1", [hex: :castore, repo: "hexpm", optional: true]}, {:exjsx, ">= 3.0.0", [hex: :exjsx, repo: "hexpm", optional: true]}, {:fuse, "~> 2.4", [hex: :fuse, repo: "hexpm", optional: true]}, {:gun, "~> 1.3", [hex: :gun, repo: "hexpm", optional: true]}, {:hackney, "~> 1.6", [hex: :hackney, repo: "hexpm", optional: true]}, {:ibrowse, "~> 4.4.0", [hex: :ibrowse, repo: "hexpm", optional: true]}, {:jason, ">= 1.0.0", [hex: :jason, repo: "hexpm", optional: true]}, {:mime, "~> 1.0", [hex: :mime, repo: "hexpm", optional: false]}, {:mint, "~> 0.4", [hex: :mint, repo: "hexpm", optional: true]}, {:poison, ">= 1.0.0", [hex: :poison, repo: "hexpm", optional: true]}, {:telemetry, "~> 0.3", [hex: :telemetry, repo: "hexpm", optional: true]}], "hexpm"},
}
